{
  "name": "rates-es4x",
  "version": "0.0.1",
  "lockfileVersion": 1,
  "requires": true,
  "dependencies": {
    "@vertx/auth-common": {
      "version": "3.9.4",
      "resolved": "https://registry.npmjs.org/@vertx/auth-common/-/auth-common-3.9.4.tgz",
      "integrity": "sha512-10T5D/eq/i5hKfWbCi5nrkTMRHrmO5KLCFhm6AfRuIpRQmp3aa0Dt/FkpS/QOjKFs1QJZCGJcpYlqSBGYs5ZXg==",
      "requires": {
        "@vertx/core": "3.9.4"
      }
    },
    "@vertx/bridge-common": {
      "version": "3.9.4",
      "resolved": "https://registry.npmjs.org/@vertx/bridge-common/-/bridge-common-3.9.4.tgz",
      "integrity": "sha512-DAv2MEd0ygrfcbRcVFQ02OjUPHE/e51XAylw6KLKBswHF2FdHd0qlWxxb5FiSDxwrBJg2/Tc9uoB+CCJwUFjAA==",
      "requires": {
        "@vertx/core": "3.9.4"
      }
    },
    "@vertx/core": {
      "version": "3.9.4",
      "resolved": "https://registry.npmjs.org/@vertx/core/-/core-3.9.4.tgz",
      "integrity": "sha512-2JmvoULLhAXJoKhPqnbWCcxMbbhlZ8kqdIfdrv1eKgU1hEUckmVRYkfmFDdOiKMX/0P2NnyHWN/ywFOYZc2wvA=="
    },
    "@vertx/mongo-client": {
      "version": "3.9.4",
      "resolved": "https://registry.npmjs.org/@vertx/mongo-client/-/mongo-client-3.9.4.tgz",
      "integrity": "sha512-fBxWtbBgsG+I+nNlIR4LBKfI2xcMBgzczHCH4Pkd2Qrle/ozsz4/bvyZuXW25iqZ2lDEF2v++LE2xNkoDYiHvg==",
      "requires": {
        "@vertx/core": "3.9.4"
      }
    },
    "@vertx/unit": {
      "version": "3.9.4",
      "resolved": "https://registry.npmjs.org/@vertx/unit/-/unit-3.9.4.tgz",
      "integrity": "sha512-0H5hZOuG6f0SeDjKNJbyjMSAPXGl0wuAEkQG0ccZVfGq3fovn+SRx8EvlN0fL0lFRkB+0IvF6pYW9k4Llk8BjQ==",
      "dev": true,
      "requires": {
        "@vertx/core": "3.9.4"
      }
    },
    "@vertx/web": {
      "version": "3.9.4",
      "resolved": "https://registry.npmjs.org/@vertx/web/-/web-3.9.4.tgz",
      "integrity": "sha512-y+qAMeNQYPGRNLaTBpB0+AEjfKPmFw8o7wzyfVMJpNNKHU7CVSLJHHPphModAIM9V9nKlcTb8udypDtkRHR6gg==",
      "requires": {
        "@vertx/auth-common": "3.9.4",
        "@vertx/bridge-common": "3.9.4",
        "@vertx/core": "3.9.4",
        "@vertx/web-common": "3.9.4"
      }
    },
    "@vertx/web-common": {
      "version": "3.9.4",
      "resolved": "https://registry.npmjs.org/@vertx/web-common/-/web-common-3.9.4.tgz",
      "integrity": "sha512-ffAAXqqgV9Vc0uLpNlCKwEbFeAPa5gtUNhI6WjVj17C+vF/4h2KK0pE+VsEr1PfqAke2byzHTv1Ge8fVwf84kw==",
      "requires": {
        "@vertx/core": "3.9.4"
      }
    },
    "es4x-pm": {
      "version": "0.13.0",
      "resolved": "https://registry.npmjs.org/es4x-pm/-/es4x-pm-0.13.0.tgz",
      "integrity": "sha512-yyp7Azon1lDi45LIJfThDZnu2XCirZT/NQfS9J6ZObwlncAumC55cIxmSOmPLoBSxO6TsZDf5+URVlVqS/Pzpg==",
      "dev": true
    },
    "typescript": {
      "version": "3.9.7",
      "resolved": "https://registry.npmjs.org/typescript/-/typescript-3.9.7.tgz",
      "integrity": "sha512-BLbiRkiBzAwsjut4x/dsibSTB6yWpwT5qWmC2OfuCg3GgVQCSgMs4vEctYPhsaGtd0AeuuHMkjZ2h2WG8MSzRw==",
      "dev": true
    }
  }
}
